// !$*UTF8*$!
{
	archiveVersion = 1;
	classes = {
	};
	objectVersion = 77;
	objects = {

/* Begin PBXContainerItemProxy section */
		04075CF42E3C09BD00A5049B /* PBXContainerItemProxy */ = {
			isa = PBXContainerItemProxy;
			containerPortal = 04075CDB2E3C09BC00A5049B /* Project object */;
			proxyType = 1;
			remoteGlobalIDString = 04075CE22E3C09BC00A5049B;
			remoteInfo = CoinPeek;
		};
		04075CFE2E3C09BD00A5049B /* PBXContainerItemProxy */ = {
			isa = PBXContainerItemProxy;
			containerPortal = 04075CDB2E3C09BC00A5049B /* Project object */;
			proxyType = 1;
			remoteGlobalIDString = 04075CE22E3C09BC00A5049B;
			remoteInfo = CoinPeek;
		};
/* End PBXContainerItemProxy section */

/* Begin PBXFileReference section */
		04075CE32E3C09BC00A5049B /* CoinPeek.app */ = {isa = PBXFileReference; explicitFileType = wrapper.application; includeInIndex = 0; path = CoinPeek.app; sourceTree = BUILT_PRODUCTS_DIR; };
		04075CF32E3C09BD00A5049B /* CoinPeekTests.xctest */ = {isa = PBXFileReference; explicitFileType = wrapper.cfbundle; includeInIndex = 0; path = CoinPeekTests.xctest; sourceTree = BUILT_PRODUCTS_DIR; };
		04075CFD2E3C09BD00A5049B /* CoinPeekUITests.xctest */ = {isa = PBXFileReference; explicitFileType = wrapper.cfbundle; includeInIndex = 0; path = CoinPeekUITests.xctest; sourceTree = BUILT_PRODUCTS_DIR; };
/* End PBXFileReference section */

/* Begin PBXFileSystemSynchronizedRootGroup section */
		04075CE52E3C09BC00A5049B /* CoinPeek */ = {
			isa = PBXFileSystemSynchronizedRootGroup;
			path = CoinPeek;
			sourceTree = "<group>";
		};
		04075CF62E3C09BD00A5049B /* CoinPeekTests */ = {
			isa = PBXFileSystemSynchronizedRootGroup;
			path = CoinPeekTests;
			sourceTree = "<group>";
		};
		04075D002E3C09BD00A5049B /* CoinPeekUITests */ = {
			isa = PBXFileSystemSynchronizedRootGroup;
			path = CoinPeekUITests;
			sourceTree = "<group>";
		};
/* End PBXFileSystemSynchronizedRootGroup section */

/* Begin PBXFrameworksBuildPhase section */
		04075CE02E3C09BC00A5049B /* Frameworks */ = {
			isa = PBXFrameworksBuildPhase;
			buildActionMask = 2147483647;
			files = (
			);
			runOnlyForDeploymentPostprocessing = 0;
		};
		04075CF02E3C09BD00A5049B /* Frameworks */ = {
			isa = PBXFrameworksBuildPhase;
			buildActionMask = 2147483647;
			files = (
			);
			runOnlyForDeploymentPostprocessing = 0;
		};
		04075CFA2E3C09BD00A5049B /* Frameworks */ = {
			isa = PBXFrameworksBuildPhase;
			buildActionMask = 2147483647;
			files = (
			);
			runOnlyForDeploymentPostprocessing = 0;
		};
/* End PBXFrameworksBuildPhase section */

/* Begin PBXGroup section */
		04075CDA2E3C09BC00A5049B = {
			isa = PBXGroup;
			children = (
				04075CE52E3C09BC00A5049B /* CoinPeek */,
				04075CF62E3C09BD00A5049B /* CoinPeekTests */,
				04075D002E3C09BD00A5049B /* CoinPeekUITests */,
				04075CE42E3C09BC00A5049B /* Products */,
			);
			sourceTree = "<group>";
		};
		04075CE42E3C09BC00A5049B /* Products */ = {
			isa = PBXGroup;
			children = (
				04075CE32E3C09BC00A5049B /* CoinPeek.app */,
				04075CF32E3C09BD00A5049B /* CoinPeekTests.xctest */,
				04075CFD2E3C09BD00A5049B /* CoinPeekUITests.xctest */,
			);
			name = Products;
			sourceTree = "<group>";
		};
/* End PBXGroup section */

/* Begin PBXNativeTarget section */
		04075CE22E3C09BC00A5049B /* CoinPeek */ = {
			isa = PBXNativeTarget;
			buildConfigurationList = 04075D072E3C09BD00A5049B /* Build configuration list for PBXNativeTarget "CoinPeek" */;
			buildPhases = (
				04075CDF2E3C09BC00A5049B /* Sources */,
				04075CE02E3C09BC00A5049B /* Frameworks */,
				04075CE12E3C09BC00A5049B /* Resources */,
			);
			buildRules = (
			);
			dependencies = (
			);
			fileSystemSynchronizedGroups = (
				04075CE52E3C09BC00A5049B /* CoinPeek */,
			);
			name = CoinPeek;
			packageProductDependencies = (
			);
			productName = CoinPeek;
			productReference = 04075CE32E3C09BC00A5049B /* CoinPeek.app */;
			productType = "com.apple.product-type.application";
		};
		04075CF22E3C09BD00A5049B /* CoinPeekTests */ = {
			isa = PBXNativeTarget;
			buildConfigurationList = 04075D0A2E3C09BD00A5049B /* Build configuration list for PBXNativeTarget "CoinPeekTests" */;
			buildPhases = (
				04075CEF2E3C09BD00A5049B /* Sources */,
				04075CF02E3C09BD00A5049B /* Frameworks */,
				04075CF12E3C09BD00A5049B /* Resources */,
			);
			buildRules = (
			);
			dependencies = (
				04075CF52E3C09BD00A5049B /* PBXTargetDependency */,
			);
			fileSystemSynchronizedGroups = (
				04075CF62E3C09BD00A5049B /* CoinPeekTests */,
			);
			name = CoinPeekTests;
			packageProductDependencies = (
			);
			productName = CoinPeekTests;
			productReference = 04075CF32E3C09BD00A5049B /* CoinPeekTests.xctest */;
			productType = "com.apple.product-type.bundle.unit-test";
		};
		04075CFC2E3C09BD00A5049B /* CoinPeekUITests */ = {
			isa = PBXNativeTarget;
			buildConfigurationList = 04075D0D2E3C09BD00A5049B /* Build configuration list for PBXNativeTarget "CoinPeekUITests" */;
			buildPhases = (
				04075CF92E3C09BD00A5049B /* Sources */,
				04075CFA2E3C09BD00A5049B /* Frameworks */,
				04075CFB2E3C09BD00A5049B /* Resources */,
			);
			buildRules = (
			);
			dependencies = (
				04075CFF2E3C09BD00A5049B /* PBXTargetDependency */,
			);
			fileSystemSynchronizedGroups = (
				04075D002E3C09BD00A5049B /* CoinPeekUITests */,
			);
			name = CoinPeekUITests;
			packageProductDependencies = (
			);
			productName = CoinPeekUITests;
			productReference = 04075CFD2E3C09BD00A5049B /* CoinPeekUITests.xctest */;
			productType = "com.apple.product-type.bundle.ui-testing";
		};
/* End PBXNativeTarget section */

/* Begin PBXProject section */
		04075CDB2E3C09BC00A5049B /* Project object */ = {
			isa = PBXProject;
			attributes = {
				BuildIndependentTargetsInParallel = 1;
				LastSwiftUpdateCheck = 1640;
				LastUpgradeCheck = 1640;
				TargetAttributes = {
					04075CE22E3C09BC00A5049B = {
						CreatedOnToolsVersion = 16.4;
					};
					04075CF22E3C09BD00A5049B = {
						CreatedOnToolsVersion = 16.4;
						TestTargetID = 04075CE22E3C09BC00A5049B;
					};
					04075CFC2E3C09BD00A5049B = {
						CreatedOnToolsVersion = 16.4;
						TestTargetID = 04075CE22E3C09BC00A5049B;
					};
				};
			};
			buildConfigurationList = 04075CDE2E3C09BC00A5049B /* Build configuration list for PBXProject "CoinPeek" */;
			developmentRegion = en;
			hasScannedForEncodings = 0;
			knownRegions = (
				en,
				Base,
			);
			mainGroup = 04075CDA2E3C09BC00A5049B;
			minimizedProjectReferenceProxies = 1;
			preferredProjectObjectVersion = 77;
			productRefGroup = 04075CE42E3C09BC00A5049B /* Products */;
			projectDirPath = "";
			projectRoot = "";
			targets = (
				04075CE22E3C09BC00A5049B /* CoinPeek */,
				04075CF22E3C09BD00A5049B /* CoinPeekTests */,
				04075CFC2E3C09BD00A5049B /* CoinPeekUITests */,
			);
		};
/* End PBXProject section */

/* Begin PBXResourcesBuildPhase section */
		04075CE12E3C09BC00A5049B /* Resources */ = {
			isa = PBXResourcesBuildPhase;
			buildActionMask = 2147483647;
			files = (
			);
			runOnlyForDeploymentPostprocessing = 0;
		};
		04075CF12E3C09BD00A5049B /* Resources */ = {
			isa = PBXResourcesBuildPhase;
			buildActionMask = 2147483647;
			files = (
			);
			runOnlyForDeploymentPostprocessing = 0;
		};
		04075CFB2E3C09BD00A5049B /* Resources */ = {
			isa = PBXResourcesBuildPhase;
			buildActionMask = 2147483647;
			files = (
			);
			runOnlyForDeploymentPostprocessing = 0;
		};
/* End PBXResourcesBuildPhase section */

/* Begin PBXSourcesBuildPhase section */
		04075CDF2E3C09BC00A5049B /* Sources */ = {
			isa = PBXSourcesBuildPhase;
			buildActionMask = 2147483647;
			files = (
			);
			runOnlyForDeploymentPostprocessing = 0;
		};
		04075CEF2E3C09BD00A5049B /* Sources */ = {
			isa = PBXSourcesBuildPhase;
			buildActionMask = 2147483647;
			files = (
			);
			runOnlyForDeploymentPostprocessing = 0;
		};
		04075CF92E3C09BD00A5049B /* Sources */ = {
			isa = PBXSourcesBuildPhase;
			buildActionMask = 2147483647;
			files = (
			);
			runOnlyForDeploymentPostprocessing = 0;
		};
/* End PBXSourcesBuildPhase section */

/* Begin PBXTargetDependency section */
		04075CF52E3C09BD00A5049B /* PBXTargetDependency */ = {
			isa = PBXTargetDependency;
			target = 04075CE22E3C09BC00A5049B /* CoinPeek */;
			targetProxy = 04075CF42E3C09BD00A5049B /* PBXContainerItemProxy */;
		};
		04075CFF2E3C09BD00A5049B /* PBXTargetDependency */ = {
			isa = PBXTargetDependency;
			target = 04075CE22E3C09BC00A5049B /* CoinPeek */;
			targetProxy = 04075CFE2E3C09BD00A5049B /* PBXContainerItemProxy */;
		};
/* End PBXTargetDependency section */

/* Begin XCBuildConfiguration section */
		04075D052E3C09BD00A5049B /* Debug */ = {
			isa = XCBuildConfiguration;
			buildSettings = {
				ALWAYS_SEARCH_USER_PATHS = NO;
				ASSETCATALOG_COMPILER_GENERATE_SWIFT_ASSET_SYMBOL_EXTENSIONS = YES;
				CLANG_ANALYZER_NONNULL = YES;
				CLANG_ANALYZER_NUMBER_OBJECT_CONVERSION = YES_AGGRESSIVE;
				CLANG_CXX_LANGUAGE_STANDARD = "gnu++20";
				CLANG_ENABLE_MODULES = YES;
				CLANG_ENABLE_OBJC_ARC = YES;
				CLANG_ENABLE_OBJC_WEAK = YES;
				CLANG_WARN_BLOCK_CAPTURE_AUTORELEASING = YES;
				CLANG_WARN_BOOL_CONVERSION = YES;
				CLANG_WARN_COMMA = YES;
				CLANG_WARN_CONSTANT_CONVERSION = YES;
				CLANG_WARN_DEPRECATED_OBJC_IMPLEMENTATIONS = YES;
				CLANG_WARN_DIRECT_OBJC_ISA_USAGE = YES_ERROR;
				CLANG_WARN_DOCUMENTATION_COMMENTS = YES;
				CLANG_WARN_EMPTY_BODY = YES;
				CLANG_WARN_ENUM_CONVERSION = YES;
				CLANG_WARN_INFINITE_RECURSION = YES;
				CLANG_WARN_INT_CONVERSION = YES;
				CLANG_WARN_NON_LITERAL_NULL_CONVERSION = YES;
				CLANG_WARN_OBJC_IMPLICIT_RETAIN_SELF = YES;
				CLANG_WARN_OBJC_LITERAL_CONVERSION = YES;
				CLANG_WARN_OBJC_ROOT_CLASS = YES_ERROR;
				CLANG_WARN_QUOTED_INCLUDE_IN_FRAMEWORK_HEADER = YES;
				CLANG_WARN_RANGE_LOOP_ANALYSIS = YES;
				CLANG_WARN_STRICT_PROTOTYPES = YES;
				CLANG_WARN_SUSPICIOUS_MOVE = YES;
				CLANG_WARN_UNGUARDED_AVAILABILITY = YES_AGGRESSIVE;
				CLANG_WARN_UNREACHABLE_CODE = YES;
				CLANG_WARN__DUPLICATE_METHOD_MATCH = YES;
				COPY_PHASE_STRIP = NO;
				DEBUG_INFORMATION_FORMAT = dwarf;
				DEVELOPMENT_TEAM = 9LHQP44QHX;
				ENABLE_STRICT_OBJC_MSGSEND = YES;
				ENABLE_TESTABILITY = YES;
				ENABLE_USER_SCRIPT_SANDBOXING = YES;
				GCC_C_LANGUAGE_STANDARD = gnu17;
				GCC_DYNAMIC_NO_PIC = NO;
				GCC_NO_COMMON_BLOCKS = YES;
				GCC_OPTIMIZATION_LEVEL = 0;
				GCC_PREPROCESSOR_DEFINITIONS = (
					"DEBUG=1",
					"$(inherited)",
				);
				GCC_WARN_64_TO_32_BIT_CONVERSION = YES;
				GCC_WARN_ABOUT_RETURN_TYPE = YES_ERROR;
				GCC_WARN_UNDECLARED_SELECTOR = YES;
				GCC_WARN_UNINITIALIZED_AUTOS = YES_AGGRESSIVE;
				GCC_WARN_UNUSED_FUNCTION = YES;
				GCC_WARN_UNUSED_VARIABLE = YES;
				LOCALIZATION_PREFERS_STRING_CATALOGS = YES;
				MACOSX_DEPLOYMENT_TARGET = 15.5;
				MTL_ENABLE_DEBUG_INFO = INCLUDE_SOURCE;
				MTL_FAST_MATH = YES;
				ONLY_ACTIVE_ARCH = YES;
				SDKROOT = macosx;
				SWIFT_ACTIVE_COMPILATION_CONDITIONS = "DEBUG $(inherited)";
				SWIFT_OPTIMIZATION_LEVEL = "-Onone";
			};
			name = Debug;
		};
		04075D062E3C09BD00A5049B /* Release */ = {
			isa = XCBuildConfiguration;
			buildSettings = {
				ALWAYS_SEARCH_USER_PATHS = NO;
				ASSETCATALOG_COMPILER_GENERATE_SWIFT_ASSET_SYMBOL_EXTENSIONS = YES;
				CLANG_ANALYZER_NONNULL = YES;
				CLANG_ANALYZER_NUMBER_OBJECT_CONVERSION = YES_AGGRESSIVE;
				CLANG_CXX_LANGUAGE_STANDARD = "gnu++20";
				CLANG_ENABLE_MODULES = YES;
				CLANG_ENABLE_OBJC_ARC = YES;
				CLANG_ENABLE_OBJC_WEAK = YES;
				CLANG_WARN_BLOCK_CAPTURE_AUTORELEASING = YES;
				CLANG_WARN_BOOL_CONVERSION = YES;
				CLANG_WARN_COMMA = YES;
				CLANG_WARN_CONSTANT_CONVERSION = YES;
				CLANG_WARN_DEPRECATED_OBJC_IMPLEMENTATIONS = YES;
				CLANG_WARN_DIRECT_OBJC_ISA_USAGE = YES_ERROR;
				CLANG_WARN_DOCUMENTATION_COMMENTS = YES;
				CLANG_WARN_EMPTY_BODY = YES;
				CLANG_WARN_ENUM_CONVERSION = YES;
				CLANG_WARN_INFINITE_RECURSION = YES;
				CLANG_WARN_INT_CONVERSION = YES;
				CLANG_WARN_NON_LITERAL_NULL_CONVERSION = YES;
				CLANG_WARN_OBJC_IMPLICIT_RETAIN_SELF = YES;
				CLANG_WARN_OBJC_LITERAL_CONVERSION = YES;
				CLANG_WARN_OBJC_ROOT_CLASS = YES_ERROR;
				CLANG_WARN_QUOTED_INCLUDE_IN_FRAMEWORK_HEADER = YES;
				CLANG_WARN_RANGE_LOOP_ANALYSIS = YES;
				CLANG_WARN_STRICT_PROTOTYPES = YES;
				CLANG_WARN_SUSPICIOUS_MOVE = YES;
				CLANG_WARN_UNGUARDED_AVAILABILITY = YES_AGGRESSIVE;
				CLANG_WARN_UNREACHABLE_CODE = YES;
				CLANG_WARN__DUPLICATE_METHOD_MATCH = YES;
				COPY_PHASE_STRIP = NO;
				DEBUG_INFORMATION_FORMAT = "dwarf-with-dsym";
				DEVELOPMENT_TEAM = 9LHQP44QHX;
				ENABLE_NS_ASSERTIONS = NO;
				ENABLE_STRICT_OBJC_MSGSEND = YES;
				ENABLE_USER_SCRIPT_SANDBOXING = YES;
				GCC_C_LANGUAGE_STANDARD = gnu17;
				GCC_NO_COMMON_BLOCKS = YES;
				GCC_WARN_64_TO_32_BIT_CONVERSION = YES;
				GCC_WARN_ABOUT_RETURN_TYPE = YES_ERROR;
				GCC_WARN_UNDECLARED_SELECTOR = YES;
				GCC_WARN_UNINITIALIZED_AUTOS = YES_AGGRESSIVE;
				GCC_WARN_UNUSED_FUNCTION = YES;
				GCC_WARN_UNUSED_VARIABLE = YES;
				LOCALIZATION_PREFERS_STRING_CATALOGS = YES;
				MACOSX_DEPLOYMENT_TARGET = 15.5;
				MTL_ENABLE_DEBUG_INFO = NO;
				MTL_FAST_MATH = YES;
				SDKROOT = macosx;
				SWIFT_COMPILATION_MODE = wholemodule;
			};
			name = Release;
		};
		04075D082E3C09BD00A5049B /* Debug */ = {
			isa = XCBuildConfiguration;
			buildSettings = {
				ASSETCATALOG_COMPILER_APPICON_NAME = AppIcon;
				ASSETCATALOG_COMPILER_GLOBAL_ACCENT_COLOR_NAME = AccentColor;
				CODE_SIGN_ENTITLEMENTS = CoinPeek/CoinPeek.entitlements;
				CODE_SIGN_STYLE = Automatic;
				COMBINE_HIDPI_IMAGES = YES;
				CURRENT_PROJECT_VERSION = 1;
				DEVELOPMENT_TEAM = 9LHQP44QHX;
				ENABLE_HARDENED_RUNTIME = YES;
				ENABLE_PREVIEWS = YES;
				GENERATE_INFOPLIST_FILE = YES;
				INFOPLIST_KEY_CFBundleDisplayName = CoinPeek;
				INFOPLIST_KEY_LSApplicationCategoryType = "public.app-category.finance";
				INFOPLIST_KEY_NSHumanReadableCopyright = "";
				LD_RUNPATH_SEARCH_PATHS = (
					"$(inherited)",
					"@executable_path/../Frameworks",
				);
				MACOSX_DEPLOYMENT_TARGET = 15.0;
				MARKETING_VERSION = 1;
				PRODUCT_BUNDLE_IDENTIFIER = com.nexthub.coinpeek;
				PRODUCT_NAME = "$(TARGET_NAME)";
				REGISTER_APP_GROUPS = YES;
				SWIFT_EMIT_LOC_STRINGS = YES;
				SWIFT_VERSION = 5.0;
			};
			name = Debug;
		};
		04075D092E3C09BD00A5049B /* Release */ = {
			isa = XCBuildConfiguration;
			buildSettings = {
				ASSETCATALOG_COMPILER_APPICON_NAME = AppIcon;
				ASSETCATALOG_COMPILER_GLOBAL_ACCENT_COLOR_NAME = AccentColor;
				CODE_SIGN_ENTITLEMENTS = CoinPeek/CoinPeek.entitlements;
				CODE_SIGN_STYLE = Automatic;
				COMBINE_HIDPI_IMAGES = YES;
				CURRENT_PROJECT_VERSION = 1;
				DEVELOPMENT_TEAM = 9LHQP44QHX;
				ENABLE_HARDENED_RUNTIME = YES;
				ENABLE_PREVIEWS = YES;
				GENERATE_INFOPLIST_FILE = YES;
				INFOPLIST_KEY_CFBundleDisplayName = CoinPeek;
				INFOPLIST_KEY_LSApplicationCategoryType = "public.app-category.finance";
				INFOPLIST_KEY_NSHumanReadableCopyright = "";
				LD_RUNPATH_SEARCH_PATHS = (
					"$(inherited)",
					"@executable_path/../Frameworks",
				);
				MACOSX_DEPLOYMENT_TARGET = 15.0;
				MARKETING_VERSION = 1;
				PRODUCT_BUNDLE_IDENTIFIER = com.nexthub.coinpeek;
				PRODUCT_NAME = "$(TARGET_NAME)";
				REGISTER_APP_GROUPS = YES;
				SWIFT_EMIT_LOC_STRINGS = YES;
				SWIFT_VERSION = 5.0;
			};
			name = Release;
		};
		04075D0B2E3C09BD00A5049B /* Debug */ = {
			isa = XCBuildConfiguration;
			buildSettings = {
				BUNDLE_LOADER = "$(TEST_HOST)";
				CODE_SIGN_STYLE = Automatic;
				CURRENT_PROJECT_VERSION = 1;
				DEVELOPMENT_TEAM = 9LHQP44QHX;
				GENERATE_INFOPLIST_FILE = YES;
				MACOSX_DEPLOYMENT_TARGET = 14.0;
				MARKETING_VERSION = 1.0;
				PRODUCT_BUNDLE_IDENTIFIER = com.nexthub.CoinPeekTests;
				PRODUCT_NAME = "$(TARGET_NAME)";
				SWIFT_EMIT_LOC_STRINGS = NO;
				SWIFT_VERSION = 5.0;
				TEST_HOST = "$(BUILT_PRODUCTS_DIR)/CoinPeek.app/$(BUNDLE_EXECUTABLE_FOLDER_PATH)/CoinPeek";
			};
			name = Debug;
		};
		04075D0C2E3C09BD00A5049B /* Release */ = {
			isa = XCBuildConfiguration;
			buildSettings = {
				BUNDLE_LOADER = "$(TEST_HOST)";
				CODE_SIGN_STYLE = Automatic;
				CURRENT_PROJECT_VERSION = 1;
				DEVELOPMENT_TEAM = 9LHQP44QHX;
				GENERATE_INFOPLIST_FILE = YES;
				MACOSX_DEPLOYMENT_TARGET = 14.0;
				MARKETING_VERSION = 1.0;
				PRODUCT_BUNDLE_IDENTIFIER = com.nexthub.CoinPeekTests;
				PRODUCT_NAME = "$(TARGET_NAME)";
				SWIFT_EMIT_LOC_STRINGS = NO;
				SWIFT_VERSION = 5.0;
				TEST_HOST = "$(BUILT_PRODUCTS_DIR)/CoinPeek.app/$(BUNDLE_EXECUTABLE_FOLDER_PATH)/CoinPeek";
			};
			name = Release;
		};
		04075D0E2E3C09BD00A5049B /* Debug */ = {
			isa = XCBuildConfiguration;
			buildSettings = {
				CODE_SIGN_STYLE = Automatic;
				CURRENT_PROJECT_VERSION = 1;
				DEVELOPMENT_TEAM = 9LHQP44QHX;
				GENERATE_INFOPLIST_FILE = YES;
				MARKETING_VERSION = 1.0;
				PRODUCT_BUNDLE_IDENTIFIER = com.nexthub.CoinPeekUITests;
				PRODUCT_NAME = "$(TARGET_NAME)";
				SWIFT_EMIT_LOC_STRINGS = NO;
				SWIFT_VERSION = 5.0;
				TEST_TARGET_NAME = CoinPeek;
			};
			name = Debug;
		};
		04075D0F2E3C09BD00A5049B /* Release */ = {
			isa = XCBuildConfiguration;
			buildSettings = {
				CODE_SIGN_STYLE = Automatic;
				CURRENT_PROJECT_VERSION = 1;
				DEVELOPMENT_TEAM = 9LHQP44QHX;
				GENERATE_INFOPLIST_FILE = YES;
				MARKETING_VERSION = 1.0;
				PRODUCT_BUNDLE_IDENTIFIER = com.nexthub.CoinPeekUITests;
				PRODUCT_NAME = "$(TARGET_NAME)";
				SWIFT_EMIT_LOC_STRINGS = NO;
				SWIFT_VERSION = 5.0;
				TEST_TARGET_NAME = CoinPeek;
			};
			name = Release;
		};
/* End XCBuildConfiguration section */

/* Begin XCConfigurationList section */
		04075CDE2E3C09BC00A5049B /* Build configuration list for PBXProject "CoinPeek" */ = {
			isa = XCConfigurationList;
			buildConfigurations = (
				04075D052E3C09BD00A5049B /* Debug */,
				04075D062E3C09BD00A5049B /* Release */,
			);
			defaultConfigurationIsVisible = 0;
			defaultConfigurationName = Release;
		};
		04075D072E3C09BD00A5049B /* Build configuration list for PBXNativeTarget "CoinPeek" */ = {
			isa = XCConfigurationList;
			buildConfigurations = (
				04075D082E3C09BD00A5049B /* Debug */,
				04075D092E3C09BD00A5049B /* Release */,
			);
			defaultConfigurationIsVisible = 0;
			defaultConfigurationName = Release;
		};
		04075D0A2E3C09BD00A5049B /* Build configuration list for PBXNativeTarget "CoinPeekTests" */ = {
			isa = XCConfigurationList;
			buildConfigurations = (
				04075D0B2E3C09BD00A5049B /* Debug */,
				04075D0C2E3C09BD00A5049B /* Release */,
			);
			defaultConfigurationIsVisible = 0;
			defaultConfigurationName = Release;
		};
		04075D0D2E3C09BD00A5049B /* Build configuration list for PBXNativeTarget "CoinPeekUITests" */ = {
			isa = XCConfigurationList;
			buildConfigurations = (
				04075D0E2E3C09BD00A5049B /* Debug */,
				04075D0F2E3C09BD00A5049B /* Release */,
			);
			defaultConfigurationIsVisible = 0;
			defaultConfigurationName = Release;
		};
/* End XCConfigurationList section */
	};
	rootObject = 04075CDB2E3C09BC00A5049B /* Project object */;
}
